
Microsoft Visual Studio Solution File, Format Version 12.00
# Visual Studio Version 17
VisualStudioVersion = 17.2.32526.322
MinimumVisualStudioVersion = 10.0.40219.1
Project("{FAE04EC0-301F-11D3-BF4B-00C04F79EFBC}") = "BudnikChat", "BudnikChat\BudnikChat.csproj", "{36C22B17-6DFF-4D9D-B8A5-F011296F1ACF}"
EndProject
Global
	GlobalSection(SolutionConfigurationPlatforms) = preSolution
		Debug|Any CPU = Debug|Any CPU
		Release|Any CPU = Release|Any CPU
	EndGlobalSection
	GlobalSection(ProjectConfigurationPlatforms) = postSolution
		{36C22B17-6DFF-4D9D-B8A5-F011296F1ACF}.Debug|Any CPU.ActiveCfg = Debug|Any CPU
		{36C22B17-6DFF-4D9D-B8A5-F011296F1ACF}.Debug|Any CPU.Build.0 = Debug|Any CPU
		{36C22B17-6DFF-4D9D-B8A5-F011296F1ACF}.Release|Any CPU.ActiveCfg = Release|Any CPU
		{36C22B17-6DFF-4D9D-B8A5-F011296F1ACF}.Release|Any CPU.Build.0 = Release|Any CPU
	EndGlobalSection
	GlobalSection(SolutionProperties) = preSolution
		HideSolutionNode = FALSE
	EndGlobalSection
	GlobalSection(ExtensibilityGlobals) = postSolution
		SolutionGuid = {3ED02795-0817-49C0-A0B3-C1765BE7DBAB}
	EndGlobalSection
EndGlobal
